
Microsoft Visual Studio Solution File, Format Version 12.00
# Visual Studio Version 16
VisualStudioVersion = 16.0.31702.278
MinimumVisualStudioVersion = 10.0.40219.1
Project("{9A19103F-16F7-4668-BE54-9A1E7A4F7556}") = "ServiceHost", "ServiceHost\ServiceHost.csproj", "{6EA7B4F4-7577-4B73-9D52-4FD65EDF499D}"
EndProject
Project("{2150E333-8FDC-42A3-9474-1A3956D46DE8}") = "Authentication", "Authentication", "{BF108D59-9820-458F-AD69-67BE59E0B27D}"
EndProject
Project("{9A19103F-16F7-4668-BE54-9A1E7A4F7556}") = "AuthenticationService", "Authentication\AuthenticationService\AuthenticationService.csproj", "{12784E39-420F-4B86-81DE-A2B698EF1551}"
EndProject
Project("{9A19103F-16F7-4668-BE54-9A1E7A4F7556}") = "AccountsDatabase", "Authentication\AccountsDatabase\AccountsDatabase.csproj", "{04F6A09D-852A-4ACA-987D-28611673D207}"
EndProject
Project("{9A19103F-16F7-4668-BE54-9A1E7A4F7556}") = "AuthenticationServiceRPC", "Authentication\AuthenticationServiceRPC\AuthenticationServiceRPC.csproj", "{A24243A2-F13A-4955-AF2A-73A31F292B4A}"
EndProject
Project("{2150E333-8FDC-42A3-9474-1A3956D46DE8}") = "Map", "Map", "{3EDE73C1-6E5A-4139-B7A6-91487951E262}"
EndProject
Project("{9A19103F-16F7-4668-BE54-9A1E7A4F7556}") = "MapService", "Map\MapService\MapService.csproj", "{8BE1635D-A533-4631-8254-24E35AD5B380}"
EndProject
Project("{9A19103F-16F7-4668-BE54-9A1E7A4F7556}") = "MapServiceRPC", "Map\MapServiceRPC\MapServiceRPC.csproj", "{19D791A7-8116-451A-A8A5-6F29B5BC0C30}"
EndProject
Project("{2150E333-8FDC-42A3-9474-1A3956D46DE8}") = "World", "World", "{C808AE3A-9668-4A29-9E3E-4A42A7DAE135}"
EndProject
Project("{9A19103F-16F7-4668-BE54-9A1E7A4F7556}") = "WorldService", "World\WorldService\WorldService.csproj", "{3CE4974D-CA23-4220-9D2A-894B019A2E95}"
EndProject
Project("{2150E333-8FDC-42A3-9474-1A3956D46DE8}") = "Router", "Router", "{BB690E4F-E9B6-4619-8F01-38FC318BA083}"
EndProject
Project("{9A19103F-16F7-4668-BE54-9A1E7A4F7556}") = "WorldServiceRPC", "World\WorldServiceRPC\WorldServiceRPC.csproj", "{C824184C-FA6B-4B77-95DC-F9BCBACED2BB}"
EndProject
Project("{9A19103F-16F7-4668-BE54-9A1E7A4F7556}") = "RouterService", "Router\RouterService\RouterService.csproj", "{0EEDEBCA-0219-474C-AAD7-F9AE90F9219C}"
EndProject
Project("{9A19103F-16F7-4668-BE54-9A1E7A4F7556}") = "SharedMapDatabase", "Map\SharedMapDatabase\SharedMapDatabase.csproj", "{D1737D9B-3238-436F-8AF6-F97829E0B4FD}"
EndProject
Project("{9A19103F-16F7-4668-BE54-9A1E7A4F7556}") = "RouterServiceRPC", "Router\RouterServiceRPC\RouterServiceRPC.csproj", "{8000A57C-6BAB-47F6-A09F-0930095C0B34}"
EndProject
Project("{2150E333-8FDC-42A3-9474-1A3956D46DE8}") = "Core", "Core", "{9F37B302-008F-42F2-AF61-325DD6C36D87}"
EndProject
Project("{9A19103F-16F7-4668-BE54-9A1E7A4F7556}") = "AuthenticationServiceModel", "Authentication\AuthenticationServiceModel\AuthenticationServiceModel.csproj", "{0A5D8A41-2BA5-4A98-83A6-7DBC428A610D}"
EndProject
Project("{9A19103F-16F7-4668-BE54-9A1E7A4F7556}") = "MapServiceModel", "Map\MapServiceModel\MapServiceModel.csproj", "{756856DA-DDE2-4FE4-929B-D09485349B6A}"
EndProject
Project("{9A19103F-16F7-4668-BE54-9A1E7A4F7556}") = "Kernel", "Kernel\Kernel.csproj", "{3E281E02-42E8-477B-895E-4E1CF4DDDFDB}"
EndProject
Project("{9A19103F-16F7-4668-BE54-9A1E7A4F7556}") = "WorldServiceDataContracts", "World\WorldServiceDataContracts\WorldServiceDataContracts.csproj", "{31FA2064-3DF7-4DC9-9890-A982EEE030BF}"
EndProject
Project("{2150E333-8FDC-42A3-9474-1A3956D46DE8}") = "Zandbox", "Zandbox", "{892DDC21-112E-49F5-8F17-1874020717EE}"
EndProject
Project("{9A19103F-16F7-4668-BE54-9A1E7A4F7556}") = "Sandbox", "Zandbox\Sandbox\Sandbox.csproj", "{3875F6F6-A463-4EE8-8903-BDE938F09931}"
EndProject
Project("{9A19103F-16F7-4668-BE54-9A1E7A4F7556}") = "Benchmarks", "Zandbox\Benchmarks\Benchmarks.csproj", "{7DE775DF-590D-4CBB-A3B8-634E254F2683}"
EndProject
Project("{2150E333-8FDC-42A3-9474-1A3956D46DE8}") = "Tests", "Tests", "{D60481D3-7144-462C-B7D9-6572CDFEB51B}"
EndProject
Project("{FAE04EC0-301F-11D3-BF4B-00C04F79EFBC}") = "KernelTests", "Tests\KernelTests\KernelTests.csproj", "{BDAFC37D-056C-421D-8B16-15F7D8943354}"
EndProject
Global
	GlobalSection(SolutionConfigurationPlatforms) = preSolution
		Debug|Any CPU = Debug|Any CPU
		Release|Any CPU = Release|Any CPU
	EndGlobalSection
	GlobalSection(ProjectConfigurationPlatforms) = postSolution
		{6EA7B4F4-7577-4B73-9D52-4FD65EDF499D}.Debug|Any CPU.ActiveCfg = Debug|Any CPU
		{6EA7B4F4-7577-4B73-9D52-4FD65EDF499D}.Debug|Any CPU.Build.0 = Debug|Any CPU
		{6EA7B4F4-7577-4B73-9D52-4FD65EDF499D}.Release|Any CPU.ActiveCfg = Release|Any CPU
		{6EA7B4F4-7577-4B73-9D52-4FD65EDF499D}.Release|Any CPU.Build.0 = Release|Any CPU
		{12784E39-420F-4B86-81DE-A2B698EF1551}.Debug|Any CPU.ActiveCfg = Debug|Any CPU
		{12784E39-420F-4B86-81DE-A2B698EF1551}.Debug|Any CPU.Build.0 = Debug|Any CPU
		{12784E39-420F-4B86-81DE-A2B698EF1551}.Release|Any CPU.ActiveCfg = Release|Any CPU
		{12784E39-420F-4B86-81DE-A2B698EF1551}.Release|Any CPU.Build.0 = Release|Any CPU
		{04F6A09D-852A-4ACA-987D-28611673D207}.Debug|Any CPU.ActiveCfg = Debug|Any CPU
		{04F6A09D-852A-4ACA-987D-28611673D207}.Debug|Any CPU.Build.0 = Debug|Any CPU
		{04F6A09D-852A-4ACA-987D-28611673D207}.Release|Any CPU.ActiveCfg = Release|Any CPU
		{04F6A09D-852A-4ACA-987D-28611673D207}.Release|Any CPU.Build.0 = Release|Any CPU
		{A24243A2-F13A-4955-AF2A-73A31F292B4A}.Debug|Any CPU.ActiveCfg = Debug|Any CPU
		{A24243A2-F13A-4955-AF2A-73A31F292B4A}.Debug|Any CPU.Build.0 = Debug|Any CPU
		{A24243A2-F13A-4955-AF2A-73A31F292B4A}.Release|Any CPU.ActiveCfg = Release|Any CPU
		{A24243A2-F13A-4955-AF2A-73A31F292B4A}.Release|Any CPU.Build.0 = Release|Any CPU
		{8BE1635D-A533-4631-8254-24E35AD5B380}.Debug|Any CPU.ActiveCfg = Debug|Any CPU
		{8BE1635D-A533-4631-8254-24E35AD5B380}.Debug|Any CPU.Build.0 = Debug|Any CPU
		{8BE1635D-A533-4631-8254-24E35AD5B380}.Release|Any CPU.ActiveCfg = Release|Any CPU
		{8BE1635D-A533-4631-8254-24E35AD5B380}.Release|Any CPU.Build.0 = Release|Any CPU
		{19D791A7-8116-451A-A8A5-6F29B5BC0C30}.Debug|Any CPU.ActiveCfg = Debug|Any CPU
		{19D791A7-8116-451A-A8A5-6F29B5BC0C30}.Debug|Any CPU.Build.0 = Debug|Any CPU
		{19D791A7-8116-451A-A8A5-6F29B5BC0C30}.Release|Any CPU.ActiveCfg = Release|Any CPU
		{19D791A7-8116-451A-A8A5-6F29B5BC0C30}.Release|Any CPU.Build.0 = Release|Any CPU
		{3CE4974D-CA23-4220-9D2A-894B019A2E95}.Debug|Any CPU.ActiveCfg = Debug|Any CPU
		{3CE4974D-CA23-4220-9D2A-894B019A2E95}.Debug|Any CPU.Build.0 = Debug|Any CPU
		{3CE4974D-CA23-4220-9D2A-894B019A2E95}.Release|Any CPU.ActiveCfg = Release|Any CPU
		{3CE4974D-CA23-4220-9D2A-894B019A2E95}.Release|Any CPU.Build.0 = Release|Any CPU
		{C824184C-FA6B-4B77-95DC-F9BCBACED2BB}.Debug|Any CPU.ActiveCfg = Debug|Any CPU
		{C824184C-FA6B-4B77-95DC-F9BCBACED2BB}.Debug|Any CPU.Build.0 = Debug|Any CPU
		{C824184C-FA6B-4B77-95DC-F9BCBACED2BB}.Release|Any CPU.ActiveCfg = Release|Any CPU
		{C824184C-FA6B-4B77-95DC-F9BCBACED2BB}.Release|Any CPU.Build.0 = Release|Any CPU
		{0EEDEBCA-0219-474C-AAD7-F9AE90F9219C}.Debug|Any CPU.ActiveCfg = Debug|Any CPU
		{0EEDEBCA-0219-474C-AAD7-F9AE90F9219C}.Debug|Any CPU.Build.0 = Debug|Any CPU
		{0EEDEBCA-0219-474C-AAD7-F9AE90F9219C}.Release|Any CPU.ActiveCfg = Release|Any CPU
		{0EEDEBCA-0219-474C-AAD7-F9AE90F9219C}.Release|Any CPU.Build.0 = Release|Any CPU
		{D1737D9B-3238-436F-8AF6-F97829E0B4FD}.Debug|Any CPU.ActiveCfg = Debug|Any CPU
		{D1737D9B-3238-436F-8AF6-F97829E0B4FD}.Debug|Any CPU.Build.0 = Debug|Any CPU
		{D1737D9B-3238-436F-8AF6-F97829E0B4FD}.Release|Any CPU.ActiveCfg = Release|Any CPU
		{D1737D9B-3238-436F-8AF6-F97829E0B4FD}.Release|Any CPU.Build.0 = Release|Any CPU
		{8000A57C-6BAB-47F6-A09F-0930095C0B34}.Debug|Any CPU.ActiveCfg = Debug|Any CPU
		{8000A57C-6BAB-47F6-A09F-0930095C0B34}.Debug|Any CPU.Build.0 = Debug|Any CPU
		{8000A57C-6BAB-47F6-A09F-0930095C0B34}.Release|Any CPU.ActiveCfg = Release|Any CPU
		{8000A57C-6BAB-47F6-A09F-0930095C0B34}.Release|Any CPU.Build.0 = Release|Any CPU
		{0A5D8A41-2BA5-4A98-83A6-7DBC428A610D}.Debug|Any CPU.ActiveCfg = Debug|Any CPU
		{0A5D8A41-2BA5-4A98-83A6-7DBC428A610D}.Debug|Any CPU.Build.0 = Debug|Any CPU
		{0A5D8A41-2BA5-4A98-83A6-7DBC428A610D}.Release|Any CPU.ActiveCfg = Release|Any CPU
		{0A5D8A41-2BA5-4A98-83A6-7DBC428A610D}.Release|Any CPU.Build.0 = Release|Any CPU
		{756856DA-DDE2-4FE4-929B-D09485349B6A}.Debug|Any CPU.ActiveCfg = Debug|Any CPU
		{756856DA-DDE2-4FE4-929B-D09485349B6A}.Debug|Any CPU.Build.0 = Debug|Any CPU
		{756856DA-DDE2-4FE4-929B-D09485349B6A}.Release|Any CPU.ActiveCfg = Release|Any CPU
		{756856DA-DDE2-4FE4-929B-D09485349B6A}.Release|Any CPU.Build.0 = Release|Any CPU
		{3E281E02-42E8-477B-895E-4E1CF4DDDFDB}.Debug|Any CPU.ActiveCfg = Debug|Any CPU
		{3E281E02-42E8-477B-895E-4E1CF4DDDFDB}.Debug|Any CPU.Build.0 = Debug|Any CPU
		{3E281E02-42E8-477B-895E-4E1CF4DDDFDB}.Release|Any CPU.ActiveCfg = Release|Any CPU
		{3E281E02-42E8-477B-895E-4E1CF4DDDFDB}.Release|Any CPU.Build.0 = Release|Any CPU
		{31FA2064-3DF7-4DC9-9890-A982EEE030BF}.Debug|Any CPU.ActiveCfg = Debug|Any CPU
		{31FA2064-3DF7-4DC9-9890-A982EEE030BF}.Debug|Any CPU.Build.0 = Debug|Any CPU
		{31FA2064-3DF7-4DC9-9890-A982EEE030BF}.Release|Any CPU.ActiveCfg = Release|Any CPU
		{31FA2064-3DF7-4DC9-9890-A982EEE030BF}.Release|Any CPU.Build.0 = Release|Any CPU
		{3875F6F6-A463-4EE8-8903-BDE938F09931}.Debug|Any CPU.ActiveCfg = Debug|Any CPU
		{3875F6F6-A463-4EE8-8903-BDE938F09931}.Debug|Any CPU.Build.0 = Debug|Any CPU
		{3875F6F6-A463-4EE8-8903-BDE938F09931}.Release|Any CPU.ActiveCfg = Release|Any CPU
		{3875F6F6-A463-4EE8-8903-BDE938F09931}.Release|Any CPU.Build.0 = Release|Any CPU
		{7DE775DF-590D-4CBB-A3B8-634E254F2683}.Debug|Any CPU.ActiveCfg = Debug|Any CPU
		{7DE775DF-590D-4CBB-A3B8-634E254F2683}.Debug|Any CPU.Build.0 = Debug|Any CPU
		{7DE775DF-590D-4CBB-A3B8-634E254F2683}.Release|Any CPU.ActiveCfg = Release|Any CPU
		{7DE775DF-590D-4CBB-A3B8-634E254F2683}.Release|Any CPU.Build.0 = Release|Any CPU
		{BDAFC37D-056C-421D-8B16-15F7D8943354}.Debug|Any CPU.ActiveCfg = Debug|Any CPU
		{BDAFC37D-056C-421D-8B16-15F7D8943354}.Debug|Any CPU.Build.0 = Debug|Any CPU
		{BDAFC37D-056C-421D-8B16-15F7D8943354}.Release|Any CPU.ActiveCfg = Release|Any CPU
		{BDAFC37D-056C-421D-8B16-15F7D8943354}.Release|Any CPU.Build.0 = Release|Any CPU
	EndGlobalSection
	GlobalSection(SolutionProperties) = preSolution
		HideSolutionNode = FALSE
	EndGlobalSection
	GlobalSection(NestedProjects) = preSolution
		{12784E39-420F-4B86-81DE-A2B698EF1551} = {BF108D59-9820-458F-AD69-67BE59E0B27D}
		{04F6A09D-852A-4ACA-987D-28611673D207} = {BF108D59-9820-458F-AD69-67BE59E0B27D}
		{A24243A2-F13A-4955-AF2A-73A31F292B4A} = {BF108D59-9820-458F-AD69-67BE59E0B27D}
		{8BE1635D-A533-4631-8254-24E35AD5B380} = {3EDE73C1-6E5A-4139-B7A6-91487951E262}
		{19D791A7-8116-451A-A8A5-6F29B5BC0C30} = {3EDE73C1-6E5A-4139-B7A6-91487951E262}
		{3CE4974D-CA23-4220-9D2A-894B019A2E95} = {C808AE3A-9668-4A29-9E3E-4A42A7DAE135}
		{C824184C-FA6B-4B77-95DC-F9BCBACED2BB} = {C808AE3A-9668-4A29-9E3E-4A42A7DAE135}
		{0EEDEBCA-0219-474C-AAD7-F9AE90F9219C} = {BB690E4F-E9B6-4619-8F01-38FC318BA083}
		{D1737D9B-3238-436F-8AF6-F97829E0B4FD} = {3EDE73C1-6E5A-4139-B7A6-91487951E262}
		{8000A57C-6BAB-47F6-A09F-0930095C0B34} = {BB690E4F-E9B6-4619-8F01-38FC318BA083}
		{0A5D8A41-2BA5-4A98-83A6-7DBC428A610D} = {BF108D59-9820-458F-AD69-67BE59E0B27D}
		{756856DA-DDE2-4FE4-929B-D09485349B6A} = {3EDE73C1-6E5A-4139-B7A6-91487951E262}
		{3E281E02-42E8-477B-895E-4E1CF4DDDFDB} = {9F37B302-008F-42F2-AF61-325DD6C36D87}
		{31FA2064-3DF7-4DC9-9890-A982EEE030BF} = {C808AE3A-9668-4A29-9E3E-4A42A7DAE135}
		{3875F6F6-A463-4EE8-8903-BDE938F09931} = {892DDC21-112E-49F5-8F17-1874020717EE}
		{7DE775DF-590D-4CBB-A3B8-634E254F2683} = {892DDC21-112E-49F5-8F17-1874020717EE}
		{BDAFC37D-056C-421D-8B16-15F7D8943354} = {D60481D3-7144-462C-B7D9-6572CDFEB51B}
	EndGlobalSection
	GlobalSection(ExtensibilityGlobals) = postSolution
		SolutionGuid = {17041EE3-8AD1-436F-ACAD-855F0692123F}
	EndGlobalSection
EndGlobal
